{
  "version": 4,
  "terraform_version": "1.0.11",
  "serial": 39,
  "lineage": "f2dcc1cc-b540-a5f9-92b9-d1762a66ad5e",
  "outputs": {},
  "resources": [
    {
      "module": "module.network",
      "mode": "managed",
      "type": "azurerm_subnet",
      "name": "module-subnet",
      "provider": "provider[\"registry.terraform.io/hashicorp/azurerm\"]",
      "instances": [
        {
          "index_key": "subnet1",
          "schema_version": 0,
          "attributes": {
            "address_prefix": "10.0.1.0/24",
            "address_prefixes": [
              "10.0.1.0/24"
            ],
            "delegation": [],
            "enforce_private_link_endpoint_network_policies": false,
            "enforce_private_link_service_network_policies": false,
            "id": "/subscriptions/790defc6-1071-4fc6-bf04-8331f46d00ac/resourceGroups/test-rg1/providers/Microsoft.Network/virtualNetworks/test-vnet/subnets/jump-subnet",
            "name": "jump-subnet",
            "resource_group_name": "test-rg1",
            "service_endpoint_policy_ids": [],
            "service_endpoints": [],
            "timeouts": null,
            "virtual_network_name": "test-vnet"
          },
          "sensitive_attributes": [],
          "private": "eyJlMmJmYjczMC1lY2FhLTExZTYtOGY4OC0zNDM2M2JjN2M0YzAiOnsiY3JlYXRlIjoxODAwMDAwMDAwMDAwLCJkZWxldGUiOjE4MDAwMDAwMDAwMDAsInJlYWQiOjMwMDAwMDAwMDAwMCwidXBkYXRlIjoxODAwMDAwMDAwMDAwfX0=",
          "dependencies": [
            "module.network.azurerm_virtual_network.module-vnet",
            "module.rg.azurerm_resource_group.module-rg"
          ]
        },
        {
          "index_key": "subnet2",
          "schema_version": 0,
          "attributes": {
            "address_prefix": "10.0.2.0/24",
            "address_prefixes": [
              "10.0.2.0/24"
            ],
            "delegation": [],
            "enforce_private_link_endpoint_network_policies": false,
            "enforce_private_link_service_network_policies": false,
            "id": "/subscriptions/790defc6-1071-4fc6-bf04-8331f46d00ac/resourceGroups/test-rg1/providers/Microsoft.Network/virtualNetworks/test-vnet/subnets/web-subnet",
            "name": "web-subnet",
            "resource_group_name": "test-rg1",
            "service_endpoint_policy_ids": [],
            "service_endpoints": [],
            "timeouts": null,
            "virtual_network_name": "test-vnet"
          },
          "sensitive_attributes": [],
          "private": "eyJlMmJmYjczMC1lY2FhLTExZTYtOGY4OC0zNDM2M2JjN2M0YzAiOnsiY3JlYXRlIjoxODAwMDAwMDAwMDAwLCJkZWxldGUiOjE4MDAwMDAwMDAwMDAsInJlYWQiOjMwMDAwMDAwMDAwMCwidXBkYXRlIjoxODAwMDAwMDAwMDAwfX0=",
          "dependencies": [
            "module.network.azurerm_virtual_network.module-vnet",
            "module.rg.azurerm_resource_group.module-rg"
          ]
        },
        {
          "index_key": "subnet3",
          "schema_version": 0,
          "attributes": {
            "address_prefix": "10.0.3.0/24",
            "address_prefixes": [
              "10.0.3.0/24"
            ],
            "delegation": [],
            "enforce_private_link_endpoint_network_policies": false,
            "enforce_private_link_service_network_policies": false,
            "id": "/subscriptions/790defc6-1071-4fc6-bf04-8331f46d00ac/resourceGroups/test-rg1/providers/Microsoft.Network/virtualNetworks/test-vnet/subnets/app-subnet",
            "name": "app-subnet",
            "resource_group_name": "test-rg1",
            "service_endpoint_policy_ids": [],
            "service_endpoints": [],
            "timeouts": null,
            "virtual_network_name": "test-vnet"
          },
          "sensitive_attributes": [],
          "private": "eyJlMmJmYjczMC1lY2FhLTExZTYtOGY4OC0zNDM2M2JjN2M0YzAiOnsiY3JlYXRlIjoxODAwMDAwMDAwMDAwLCJkZWxldGUiOjE4MDAwMDAwMDAwMDAsInJlYWQiOjMwMDAwMDAwMDAwMCwidXBkYXRlIjoxODAwMDAwMDAwMDAwfX0=",
          "dependencies": [
            "module.network.azurerm_virtual_network.module-vnet",
            "module.rg.azurerm_resource_group.module-rg"
          ]
        },
        {
          "index_key": "subnet4",
          "schema_version": 0,
          "attributes": {
            "address_prefix": "10.0.4.0/24",
            "address_prefixes": [
              "10.0.4.0/24"
            ],
            "delegation": [],
            "enforce_private_link_endpoint_network_policies": false,
            "enforce_private_link_service_network_policies": false,
            "id": "/subscriptions/790defc6-1071-4fc6-bf04-8331f46d00ac/resourceGroups/test-rg1/providers/Microsoft.Network/virtualNetworks/test-vnet/subnets/db-subnet",
            "name": "db-subnet",
            "resource_group_name": "test-rg1",
            "service_endpoint_policy_ids": [],
            "service_endpoints": [],
            "timeouts": null,
            "virtual_network_name": "test-vnet"
          },
          "sensitive_attributes": [],
          "private": "eyJlMmJmYjczMC1lY2FhLTExZTYtOGY4OC0zNDM2M2JjN2M0YzAiOnsiY3JlYXRlIjoxODAwMDAwMDAwMDAwLCJkZWxldGUiOjE4MDAwMDAwMDAwMDAsInJlYWQiOjMwMDAwMDAwMDAwMCwidXBkYXRlIjoxODAwMDAwMDAwMDAwfX0=",
          "dependencies": [
            "module.network.azurerm_virtual_network.module-vnet",
            "module.rg.azurerm_resource_group.module-rg"
          ]
        }
      ]
    },
    {
      "module": "module.network",
      "mode": "managed",
      "type": "azurerm_virtual_network",
      "name": "module-vnet",
      "provider": "provider[\"registry.terraform.io/hashicorp/azurerm\"]",
      "instances": [
        {
          "schema_version": 0,
          "attributes": {
            "address_space": [
              "10.0.0.0/16"
            ],
            "bgp_community": "",
            "ddos_protection_plan": [],
            "dns_servers": [],
            "flow_timeout_in_minutes": 0,
            "guid": "61485e79-0c95-470c-a080-ac6c23faaa6a",
            "id": "/subscriptions/790defc6-1071-4fc6-bf04-8331f46d00ac/resourceGroups/test-rg1/providers/Microsoft.Network/virtualNetworks/test-vnet",
            "location": "eastus",
            "name": "test-vnet",
            "resource_group_name": "test-rg1",
            "subnet": [
              {
                "address_prefix": "10.0.1.0/24",
                "id": "/subscriptions/790defc6-1071-4fc6-bf04-8331f46d00ac/resourceGroups/test-rg1/providers/Microsoft.Network/virtualNetworks/test-vnet/subnets/jump-subnet",
                "name": "jump-subnet",
                "security_group": ""
              },
              {
                "address_prefix": "10.0.2.0/24",
                "id": "/subscriptions/790defc6-1071-4fc6-bf04-8331f46d00ac/resourceGroups/test-rg1/providers/Microsoft.Network/virtualNetworks/test-vnet/subnets/web-subnet",
                "name": "web-subnet",
                "security_group": ""
              },
              {
                "address_prefix": "10.0.3.0/24",
                "id": "/subscriptions/790defc6-1071-4fc6-bf04-8331f46d00ac/resourceGroups/test-rg1/providers/Microsoft.Network/virtualNetworks/test-vnet/subnets/app-subnet",
                "name": "app-subnet",
                "security_group": ""
              },
              {
                "address_prefix": "10.0.4.0/24",
                "id": "/subscriptions/790defc6-1071-4fc6-bf04-8331f46d00ac/resourceGroups/test-rg1/providers/Microsoft.Network/virtualNetworks/test-vnet/subnets/db-subnet",
                "name": "db-subnet",
                "security_group": ""
              }
            ],
            "tags": {},
            "timeouts": null,
            "vm_protection_enabled": false
          },
          "sensitive_attributes": [],
          "private": "eyJlMmJmYjczMC1lY2FhLTExZTYtOGY4OC0zNDM2M2JjN2M0YzAiOnsiY3JlYXRlIjoxODAwMDAwMDAwMDAwLCJkZWxldGUiOjE4MDAwMDAwMDAwMDAsInJlYWQiOjMwMDAwMDAwMDAwMCwidXBkYXRlIjoxODAwMDAwMDAwMDAwfX0=",
          "dependencies": [
            "module.rg.azurerm_resource_group.module-rg"
          ]
        }
      ]
    },
    {
      "module": "module.rg",
      "mode": "managed",
      "type": "azurerm_resource_group",
      "name": "module-rg",
      "provider": "provider[\"registry.terraform.io/hashicorp/azurerm\"]",
      "instances": [
        {
          "schema_version": 0,
          "attributes": {
            "id": "/subscriptions/790defc6-1071-4fc6-bf04-8331f46d00ac/resourceGroups/test-rg1",
            "location": "eastus",
            "name": "test-rg1",
            "tags": {
              "env": "training"
            },
            "timeouts": null
          },
          "sensitive_attributes": [],
          "private": "eyJlMmJmYjczMC1lY2FhLTExZTYtOGY4OC0zNDM2M2JjN2M0YzAiOnsiY3JlYXRlIjo1NDAwMDAwMDAwMDAwLCJkZWxldGUiOjU0MDAwMDAwMDAwMDAsInJlYWQiOjMwMDAwMDAwMDAwMCwidXBkYXRlIjo1NDAwMDAwMDAwMDAwfX0="
        }
      ]
    },
    {
      "module": "module.virtual_machine",
      "mode": "managed",
      "type": "azurerm_network_interface",
      "name": "module-nic",
      "provider": "provider[\"registry.terraform.io/hashicorp/azurerm\"]",
      "instances": [
        {
          "index_key": "nic1",
          "schema_version": 0,
          "attributes": {
            "applied_dns_servers": [],
            "dns_servers": [],
            "enable_accelerated_networking": false,
            "enable_ip_forwarding": false,
            "id": "/subscriptions/790defc6-1071-4fc6-bf04-8331f46d00ac/resourceGroups/test-rg1/providers/Microsoft.Network/networkInterfaces/jump-nic",
            "internal_dns_name_label": "",
            "internal_domain_name_suffix": "pfpeqymvbqgepieavrwch4vknc.bx.internal.cloudapp.net",
            "ip_configuration": [
              {
                "gateway_load_balancer_frontend_ip_configuration_id": "",
                "name": "ipconfig1",
                "primary": true,
                "private_ip_address": "10.0.1.4",
                "private_ip_address_allocation": "Dynamic",
                "private_ip_address_version": "IPv4",
                "public_ip_address_id": "",
                "subnet_id": "/subscriptions/790defc6-1071-4fc6-bf04-8331f46d00ac/resourceGroups/test-rg1/providers/Microsoft.Network/virtualNetworks/test-vnet/subnets/jump-subnet"
              }
            ],
            "location": "eastus",
            "mac_address": "",
            "name": "jump-nic",
            "private_ip_address": "10.0.1.4",
            "private_ip_addresses": [
              "10.0.1.4"
            ],
            "resource_group_name": "test-rg1",
            "tags": {},
            "timeouts": null,
            "virtual_machine_id": ""
          },
          "sensitive_attributes": [],
          "private": "eyJlMmJmYjczMC1lY2FhLTExZTYtOGY4OC0zNDM2M2JjN2M0YzAiOnsiY3JlYXRlIjoxODAwMDAwMDAwMDAwLCJkZWxldGUiOjE4MDAwMDAwMDAwMDAsInJlYWQiOjMwMDAwMDAwMDAwMCwidXBkYXRlIjoxODAwMDAwMDAwMDAwfX0=",
          "dependencies": [
            "module.network.azurerm_subnet.module-subnet",
            "module.network.azurerm_virtual_network.module-vnet",
            "module.rg.azurerm_resource_group.module-rg"
          ]
        },
        {
          "index_key": "nic2",
          "schema_version": 0,
          "attributes": {
            "applied_dns_servers": [],
            "dns_servers": [],
            "enable_accelerated_networking": false,
            "enable_ip_forwarding": false,
            "id": "/subscriptions/790defc6-1071-4fc6-bf04-8331f46d00ac/resourceGroups/test-rg1/providers/Microsoft.Network/networkInterfaces/web-nic",
            "internal_dns_name_label": "",
            "internal_domain_name_suffix": "pfpeqymvbqgepieavrwch4vknc.bx.internal.cloudapp.net",
            "ip_configuration": [
              {
                "gateway_load_balancer_frontend_ip_configuration_id": "",
                "name": "ipconfig1",
                "primary": true,
                "private_ip_address": "10.0.2.4",
                "private_ip_address_allocation": "Dynamic",
                "private_ip_address_version": "IPv4",
                "public_ip_address_id": "",
                "subnet_id": "/subscriptions/790defc6-1071-4fc6-bf04-8331f46d00ac/resourceGroups/test-rg1/providers/Microsoft.Network/virtualNetworks/test-vnet/subnets/web-subnet"
              }
            ],
            "location": "eastus",
            "mac_address": "",
            "name": "web-nic",
            "private_ip_address": "10.0.2.4",
            "private_ip_addresses": [
              "10.0.2.4"
            ],
            "resource_group_name": "test-rg1",
            "tags": {},
            "timeouts": null,
            "virtual_machine_id": ""
          },
          "sensitive_attributes": [],
          "private": "eyJlMmJmYjczMC1lY2FhLTExZTYtOGY4OC0zNDM2M2JjN2M0YzAiOnsiY3JlYXRlIjoxODAwMDAwMDAwMDAwLCJkZWxldGUiOjE4MDAwMDAwMDAwMDAsInJlYWQiOjMwMDAwMDAwMDAwMCwidXBkYXRlIjoxODAwMDAwMDAwMDAwfX0=",
          "dependencies": [
            "module.network.azurerm_subnet.module-subnet",
            "module.network.azurerm_virtual_network.module-vnet",
            "module.rg.azurerm_resource_group.module-rg"
          ]
        },
        {
          "index_key": "nic3",
          "schema_version": 0,
          "attributes": {
            "applied_dns_servers": [],
            "dns_servers": [],
            "enable_accelerated_networking": false,
            "enable_ip_forwarding": false,
            "id": "/subscriptions/790defc6-1071-4fc6-bf04-8331f46d00ac/resourceGroups/test-rg1/providers/Microsoft.Network/networkInterfaces/app-nic",
            "internal_dns_name_label": "",
            "internal_domain_name_suffix": "pfpeqymvbqgepieavrwch4vknc.bx.internal.cloudapp.net",
            "ip_configuration": [
              {
                "gateway_load_balancer_frontend_ip_configuration_id": "",
                "name": "ipconfig1",
                "primary": true,
                "private_ip_address": "10.0.3.4",
                "private_ip_address_allocation": "Dynamic",
                "private_ip_address_version": "IPv4",
                "public_ip_address_id": "",
                "subnet_id": "/subscriptions/790defc6-1071-4fc6-bf04-8331f46d00ac/resourceGroups/test-rg1/providers/Microsoft.Network/virtualNetworks/test-vnet/subnets/app-subnet"
              }
            ],
            "location": "eastus",
            "mac_address": "",
            "name": "app-nic",
            "private_ip_address": "10.0.3.4",
            "private_ip_addresses": [
              "10.0.3.4"
            ],
            "resource_group_name": "test-rg1",
            "tags": {},
            "timeouts": null,
            "virtual_machine_id": ""
          },
          "sensitive_attributes": [],
          "private": "eyJlMmJmYjczMC1lY2FhLTExZTYtOGY4OC0zNDM2M2JjN2M0YzAiOnsiY3JlYXRlIjoxODAwMDAwMDAwMDAwLCJkZWxldGUiOjE4MDAwMDAwMDAwMDAsInJlYWQiOjMwMDAwMDAwMDAwMCwidXBkYXRlIjoxODAwMDAwMDAwMDAwfX0=",
          "dependencies": [
            "module.network.azurerm_subnet.module-subnet",
            "module.network.azurerm_virtual_network.module-vnet",
            "module.rg.azurerm_resource_group.module-rg"
          ]
        }
      ]
    },
    {
      "module": "module.virtual_machine",
      "mode": "managed",
      "type": "azurerm_windows_virtual_machine",
      "name": "module-vm",
      "provider": "provider[\"registry.terraform.io/hashicorp/azurerm\"]",
      "instances": [
        {
          "index_key": "vm1",
          "schema_version": 0,
          "attributes": {
            "additional_capabilities": [],
            "additional_unattend_content": [],
            "admin_password": "Password@1234",
            "admin_username": "azureadmin",
            "allow_extension_operations": true,
            "availability_set_id": "",
            "boot_diagnostics": [],
            "computer_name": "jump-vm1",
            "custom_data": null,
            "dedicated_host_id": "",
            "enable_automatic_updates": true,
            "encryption_at_host_enabled": false,
            "eviction_policy": "",
            "extensions_time_budget": "PT1H30M",
            "id": "/subscriptions/790defc6-1071-4fc6-bf04-8331f46d00ac/resourceGroups/test-rg1/providers/Microsoft.Compute/virtualMachines/jump-vm1",
            "identity": [],
            "license_type": "",
            "location": "eastus",
            "max_bid_price": -1,
            "name": "jump-vm1",
            "network_interface_ids": [
              "/subscriptions/790defc6-1071-4fc6-bf04-8331f46d00ac/resourceGroups/test-rg1/providers/Microsoft.Network/networkInterfaces/jump-nic"
            ],
            "os_disk": [
              {
                "caching": "None",
                "diff_disk_settings": [],
                "disk_encryption_set_id": "",
                "disk_size_gb": 127,
                "name": "jump-vm1-osdisk",
                "storage_account_type": "Premium_LRS",
                "write_accelerator_enabled": false
              }
            ],
            "patch_mode": "AutomaticByOS",
            "plan": [],
            "platform_fault_domain": -1,
            "priority": "Regular",
            "private_ip_address": "10.0.1.4",
            "private_ip_addresses": [
              "10.0.1.4"
            ],
            "provision_vm_agent": true,
            "proximity_placement_group_id": "",
            "public_ip_address": "",
            "public_ip_addresses": [],
            "resource_group_name": "test-rg1",
            "secret": [],
            "secure_boot_enabled": false,
            "size": "Standard_DS2_v2",
            "source_image_id": "",
            "source_image_reference": [
              {
                "offer": "WindowsServer",
                "publisher": "MicrosoftWindowsServer",
                "sku": "2016-Datacenter",
                "version": "latest"
              }
            ],
            "tags": null,
            "timeouts": null,
            "timezone": "",
            "virtual_machine_id": "b0f40d25-db46-43ad-b57f-4924ad35dded",
            "virtual_machine_scale_set_id": "",
            "vtpm_enabled": false,
            "winrm_listener": [],
            "zone": ""
          },
          "sensitive_attributes": [],
          "private": "eyJlMmJmYjczMC1lY2FhLTExZTYtOGY4OC0zNDM2M2JjN2M0YzAiOnsiY3JlYXRlIjoyNzAwMDAwMDAwMDAwLCJkZWxldGUiOjI3MDAwMDAwMDAwMDAsInJlYWQiOjMwMDAwMDAwMDAwMCwidXBkYXRlIjoyNzAwMDAwMDAwMDAwfX0=",
          "dependencies": [
            "module.rg.azurerm_resource_group.module-rg",
            "module.virtual_machine.azurerm_network_interface.module-nic"
          ]
        }
      ]
    }
  ]
}
