{
  "version": 4,
  "terraform_version": "1.0.11",
  "serial": 21,
  "lineage": "d46ae357-5bcd-5c12-3c08-62beadabde8d",
  "outputs": {},
  "resources": [
    {
      "module": "module.network",
      "mode": "managed",
      "type": "azurerm_subnet",
      "name": "module-subnet",
      "provider": "provider[\"registry.terraform.io/hashicorp/azurerm\"]",
      "instances": [
        {
          "index_key": "subnet1",
          "schema_version": 0,
          "attributes": {
            "address_prefix": "20.0.1.0/24",
            "address_prefixes": [
              "20.0.1.0/24"
            ],
            "delegation": [],
            "enforce_private_link_endpoint_network_policies": false,
            "enforce_private_link_service_network_policies": false,
            "id": "/subscriptions/790defc6-1071-4fc6-bf04-8331f46d00ac/resourceGroups/test-rg2/providers/Microsoft.Network/virtualNetworks/test-vnet/subnets/jump-subnet",
            "name": "jump-subnet",
            "resource_group_name": "test-rg2",
            "service_endpoint_policy_ids": null,
            "service_endpoints": [],
            "timeouts": null,
            "virtual_network_name": "test-vnet"
          },
          "sensitive_attributes": [],
          "private": "eyJlMmJmYjczMC1lY2FhLTExZTYtOGY4OC0zNDM2M2JjN2M0YzAiOnsiY3JlYXRlIjoxODAwMDAwMDAwMDAwLCJkZWxldGUiOjE4MDAwMDAwMDAwMDAsInJlYWQiOjMwMDAwMDAwMDAwMCwidXBkYXRlIjoxODAwMDAwMDAwMDAwfX0=",
          "dependencies": [
            "module.network.azurerm_virtual_network.module-vnet",
            "module.rg.azurerm_resource_group.module-rg"
          ]
        },
        {
          "index_key": "subnet2",
          "schema_version": 0,
          "attributes": {
            "address_prefix": "20.0.2.0/24",
            "address_prefixes": [
              "20.0.2.0/24"
            ],
            "delegation": [],
            "enforce_private_link_endpoint_network_policies": false,
            "enforce_private_link_service_network_policies": false,
            "id": "/subscriptions/790defc6-1071-4fc6-bf04-8331f46d00ac/resourceGroups/test-rg2/providers/Microsoft.Network/virtualNetworks/test-vnet/subnets/web-subnet",
            "name": "web-subnet",
            "resource_group_name": "test-rg2",
            "service_endpoint_policy_ids": null,
            "service_endpoints": [],
            "timeouts": null,
            "virtual_network_name": "test-vnet"
          },
          "sensitive_attributes": [],
          "private": "eyJlMmJmYjczMC1lY2FhLTExZTYtOGY4OC0zNDM2M2JjN2M0YzAiOnsiY3JlYXRlIjoxODAwMDAwMDAwMDAwLCJkZWxldGUiOjE4MDAwMDAwMDAwMDAsInJlYWQiOjMwMDAwMDAwMDAwMCwidXBkYXRlIjoxODAwMDAwMDAwMDAwfX0=",
          "dependencies": [
            "module.network.azurerm_virtual_network.module-vnet",
            "module.rg.azurerm_resource_group.module-rg"
          ]
        },
        {
          "index_key": "subnet3",
          "schema_version": 0,
          "attributes": {
            "address_prefix": "20.0.3.0/24",
            "address_prefixes": [
              "20.0.3.0/24"
            ],
            "delegation": [],
            "enforce_private_link_endpoint_network_policies": false,
            "enforce_private_link_service_network_policies": false,
            "id": "/subscriptions/790defc6-1071-4fc6-bf04-8331f46d00ac/resourceGroups/test-rg2/providers/Microsoft.Network/virtualNetworks/test-vnet/subnets/app-subnet",
            "name": "app-subnet",
            "resource_group_name": "test-rg2",
            "service_endpoint_policy_ids": null,
            "service_endpoints": [],
            "timeouts": null,
            "virtual_network_name": "test-vnet"
          },
          "sensitive_attributes": [],
          "private": "eyJlMmJmYjczMC1lY2FhLTExZTYtOGY4OC0zNDM2M2JjN2M0YzAiOnsiY3JlYXRlIjoxODAwMDAwMDAwMDAwLCJkZWxldGUiOjE4MDAwMDAwMDAwMDAsInJlYWQiOjMwMDAwMDAwMDAwMCwidXBkYXRlIjoxODAwMDAwMDAwMDAwfX0=",
          "dependencies": [
            "module.network.azurerm_virtual_network.module-vnet",
            "module.rg.azurerm_resource_group.module-rg"
          ]
        },
        {
          "index_key": "subnet4",
          "schema_version": 0,
          "attributes": {
            "address_prefix": "20.0.4.0/24",
            "address_prefixes": [
              "20.0.4.0/24"
            ],
            "delegation": [],
            "enforce_private_link_endpoint_network_policies": false,
            "enforce_private_link_service_network_policies": false,
            "id": "/subscriptions/790defc6-1071-4fc6-bf04-8331f46d00ac/resourceGroups/test-rg2/providers/Microsoft.Network/virtualNetworks/test-vnet/subnets/db-subnet",
            "name": "db-subnet",
            "resource_group_name": "test-rg2",
            "service_endpoint_policy_ids": null,
            "service_endpoints": [],
            "timeouts": null,
            "virtual_network_name": "test-vnet"
          },
          "sensitive_attributes": [],
          "private": "eyJlMmJmYjczMC1lY2FhLTExZTYtOGY4OC0zNDM2M2JjN2M0YzAiOnsiY3JlYXRlIjoxODAwMDAwMDAwMDAwLCJkZWxldGUiOjE4MDAwMDAwMDAwMDAsInJlYWQiOjMwMDAwMDAwMDAwMCwidXBkYXRlIjoxODAwMDAwMDAwMDAwfX0=",
          "dependencies": [
            "module.network.azurerm_virtual_network.module-vnet",
            "module.rg.azurerm_resource_group.module-rg"
          ]
        }
      ]
    },
    {
      "module": "module.network",
      "mode": "managed",
      "type": "azurerm_virtual_network",
      "name": "module-vnet",
      "provider": "provider[\"registry.terraform.io/hashicorp/azurerm\"]",
      "instances": [
        {
          "schema_version": 0,
          "attributes": {
            "address_space": [
              "20.0.0.0/16"
            ],
            "bgp_community": "",
            "ddos_protection_plan": [],
            "dns_servers": [],
            "flow_timeout_in_minutes": 0,
            "guid": "8923bf26-a4b7-4722-8b8a-89af6b1a6564",
            "id": "/subscriptions/790defc6-1071-4fc6-bf04-8331f46d00ac/resourceGroups/test-rg2/providers/Microsoft.Network/virtualNetworks/test-vnet",
            "location": "eastus",
            "name": "test-vnet",
            "resource_group_name": "test-rg2",
            "subnet": [],
            "tags": {},
            "timeouts": null,
            "vm_protection_enabled": false
          },
          "sensitive_attributes": [],
          "private": "eyJlMmJmYjczMC1lY2FhLTExZTYtOGY4OC0zNDM2M2JjN2M0YzAiOnsiY3JlYXRlIjoxODAwMDAwMDAwMDAwLCJkZWxldGUiOjE4MDAwMDAwMDAwMDAsInJlYWQiOjMwMDAwMDAwMDAwMCwidXBkYXRlIjoxODAwMDAwMDAwMDAwfX0=",
          "dependencies": [
            "module.rg.azurerm_resource_group.module-rg"
          ]
        }
      ]
    },
    {
      "module": "module.rg",
      "mode": "managed",
      "type": "azurerm_resource_group",
      "name": "module-rg",
      "provider": "provider[\"registry.terraform.io/hashicorp/azurerm\"]",
      "instances": [
        {
          "schema_version": 0,
          "attributes": {
            "id": "/subscriptions/790defc6-1071-4fc6-bf04-8331f46d00ac/resourceGroups/test-rg2",
            "location": "eastus",
            "name": "test-rg2",
            "tags": {},
            "timeouts": null
          },
          "sensitive_attributes": [],
          "private": "eyJlMmJmYjczMC1lY2FhLTExZTYtOGY4OC0zNDM2M2JjN2M0YzAiOnsiY3JlYXRlIjo1NDAwMDAwMDAwMDAwLCJkZWxldGUiOjU0MDAwMDAwMDAwMDAsInJlYWQiOjMwMDAwMDAwMDAwMCwidXBkYXRlIjo1NDAwMDAwMDAwMDAwfX0="
        }
      ]
    },
    {
      "module": "module.storage_account",
      "mode": "managed",
      "type": "azurerm_storage_account",
      "name": "module-sa",
      "provider": "provider[\"registry.terraform.io/hashicorp/azurerm\"]",
      "instances": [
        {
          "schema_version": 2,
          "attributes": {
            "access_tier": "Hot",
            "account_kind": "StorageV2",
            "account_replication_type": "LRS",
            "account_tier": "Standard",
            "allow_blob_public_access": false,
            "azure_files_authentication": [],
            "blob_properties": [
              {
                "change_feed_enabled": false,
                "container_delete_retention_policy": [],
                "cors_rule": [],
                "default_service_version": "",
                "delete_retention_policy": [],
                "last_access_time_enabled": false,
                "versioning_enabled": false
              }
            ],
            "custom_domain": [],
            "enable_https_traffic_only": true,
            "id": "/subscriptions/790defc6-1071-4fc6-bf04-8331f46d00ac/resourceGroups/test-rg2/providers/Microsoft.Storage/storageAccounts/teststorageaccountlj",
            "identity": [],
            "is_hns_enabled": false,
            "large_file_share_enabled": null,
            "location": "eastus",
            "min_tls_version": "TLS1_0",
            "name": "teststorageaccountlj",
            "network_rules": [
              {
                "bypass": [
                  "AzureServices"
                ],
                "default_action": "Allow",
                "ip_rules": [],
                "private_link_access": [],
                "virtual_network_subnet_ids": []
              }
            ],
            "nfsv3_enabled": false,
            "primary_access_key": "At4M8Aq3PjyX+TL4Tu9tC/R2lAbdfmJbZwvYDCf/v06AJB6grMCcUW5xWnmNUQknxXr/ZJG9fpYIcSvGpT2WWw==",
            "primary_blob_connection_string": "DefaultEndpointsProtocol=https;BlobEndpoint=https://teststorageaccountlj.blob.core.windows.net/;AccountName=teststorageaccountlj;AccountKey=At4M8Aq3PjyX+TL4Tu9tC/R2lAbdfmJbZwvYDCf/v06AJB6grMCcUW5xWnmNUQknxXr/ZJG9fpYIcSvGpT2WWw==",
            "primary_blob_endpoint": "https://teststorageaccountlj.blob.core.windows.net/",
            "primary_blob_host": "teststorageaccountlj.blob.core.windows.net",
            "primary_connection_string": "DefaultEndpointsProtocol=https;AccountName=teststorageaccountlj;AccountKey=At4M8Aq3PjyX+TL4Tu9tC/R2lAbdfmJbZwvYDCf/v06AJB6grMCcUW5xWnmNUQknxXr/ZJG9fpYIcSvGpT2WWw==;EndpointSuffix=core.windows.net",
            "primary_dfs_endpoint": "https://teststorageaccountlj.dfs.core.windows.net/",
            "primary_dfs_host": "teststorageaccountlj.dfs.core.windows.net",
            "primary_file_endpoint": "https://teststorageaccountlj.file.core.windows.net/",
            "primary_file_host": "teststorageaccountlj.file.core.windows.net",
            "primary_location": "eastus",
            "primary_queue_endpoint": "https://teststorageaccountlj.queue.core.windows.net/",
            "primary_queue_host": "teststorageaccountlj.queue.core.windows.net",
            "primary_table_endpoint": "https://teststorageaccountlj.table.core.windows.net/",
            "primary_table_host": "teststorageaccountlj.table.core.windows.net",
            "primary_web_endpoint": "https://teststorageaccountlj.z13.web.core.windows.net/",
            "primary_web_host": "teststorageaccountlj.z13.web.core.windows.net",
            "queue_encryption_key_type": "Service",
            "queue_properties": [
              {
                "cors_rule": [],
                "hour_metrics": [
                  {
                    "enabled": true,
                    "include_apis": true,
                    "retention_policy_days": 7,
                    "version": "1.0"
                  }
                ],
                "logging": [
                  {
                    "delete": false,
                    "read": false,
                    "retention_policy_days": 0,
                    "version": "1.0",
                    "write": false
                  }
                ],
                "minute_metrics": [
                  {
                    "enabled": false,
                    "include_apis": false,
                    "retention_policy_days": 0,
                    "version": "1.0"
                  }
                ]
              }
            ],
            "resource_group_name": "test-rg2",
            "routing": [],
            "secondary_access_key": "DHhWW0y0sH9ImydszfZ/37dqcuaKYgaSRWSeMnWZEeKjWMZ0ZE7TYrw6CIiRFyh0sNxTQ15unOWvpbx1q8G6bg==",
            "secondary_blob_connection_string": "",
            "secondary_blob_endpoint": null,
            "secondary_blob_host": null,
            "secondary_connection_string": "DefaultEndpointsProtocol=https;AccountName=teststorageaccountlj;AccountKey=DHhWW0y0sH9ImydszfZ/37dqcuaKYgaSRWSeMnWZEeKjWMZ0ZE7TYrw6CIiRFyh0sNxTQ15unOWvpbx1q8G6bg==;EndpointSuffix=core.windows.net",
            "secondary_dfs_endpoint": null,
            "secondary_dfs_host": null,
            "secondary_file_endpoint": null,
            "secondary_file_host": null,
            "secondary_location": "",
            "secondary_queue_endpoint": null,
            "secondary_queue_host": null,
            "secondary_table_endpoint": null,
            "secondary_table_host": null,
            "secondary_web_endpoint": null,
            "secondary_web_host": null,
            "share_properties": [
              {
                "cors_rule": [],
                "retention_policy": [
                  {
                    "days": 7
                  }
                ],
                "smb": []
              }
            ],
            "shared_access_key_enabled": true,
            "static_website": [],
            "table_encryption_key_type": "Service",
            "tags": {
              "created_by": "lj"
            },
            "timeouts": null
          },
          "sensitive_attributes": [],
          "private": "eyJlMmJmYjczMC1lY2FhLTExZTYtOGY4OC0zNDM2M2JjN2M0YzAiOnsiY3JlYXRlIjozNjAwMDAwMDAwMDAwLCJkZWxldGUiOjM2MDAwMDAwMDAwMDAsInJlYWQiOjMwMDAwMDAwMDAwMCwidXBkYXRlIjozNjAwMDAwMDAwMDAwfSwic2NoZW1hX3ZlcnNpb24iOiIyIn0=",
          "dependencies": [
            "module.rg.azurerm_resource_group.module-rg"
          ]
        }
      ]
    },
    {
      "module": "module.virtual_machine_scale_set",
      "mode": "managed",
      "type": "azurerm_windows_virtual_machine_scale_set",
      "name": "module-vmss",
      "provider": "provider[\"registry.terraform.io/hashicorp/azurerm\"]",
      "instances": [
        {
          "schema_version": 0,
          "attributes": {
            "additional_capabilities": [],
            "additional_unattend_content": [],
            "admin_password": "Password@1234",
            "admin_username": "azureadmin",
            "automatic_instance_repair": [
              {
                "enabled": false,
                "grace_period": "PT30M"
              }
            ],
            "automatic_os_upgrade_policy": [],
            "boot_diagnostics": [],
            "computer_name_prefix": "test-vmss",
            "custom_data": null,
            "data_disk": [],
            "do_not_run_extensions_on_overprovisioned_machines": false,
            "enable_automatic_updates": true,
            "encryption_at_host_enabled": false,
            "eviction_policy": "",
            "extension": [],
            "extensions_time_budget": "PT1H30M",
            "health_probe_id": "",
            "id": "/subscriptions/790defc6-1071-4fc6-bf04-8331f46d00ac/resourceGroups/test-rg2/providers/Microsoft.Compute/virtualMachineScaleSets/test-vmss",
            "identity": [],
            "instances": 1,
            "license_type": "",
            "location": "eastus",
            "max_bid_price": -1,
            "name": "test-vmss",
            "network_interface": [
              {
                "dns_servers": null,
                "enable_accelerated_networking": false,
                "enable_ip_forwarding": false,
                "ip_configuration": [
                  {
                    "application_gateway_backend_address_pool_ids": null,
                    "application_security_group_ids": null,
                    "load_balancer_backend_address_pool_ids": null,
                    "load_balancer_inbound_nat_rules_ids": null,
                    "name": "ipconfig1",
                    "primary": true,
                    "public_ip_address": [],
                    "subnet_id": "/subscriptions/790defc6-1071-4fc6-bf04-8331f46d00ac/resourceGroups/test-rg2/providers/Microsoft.Network/virtualNetworks/test-vnet/subnets/jump-subnet",
                    "version": "IPv4"
                  }
                ],
                "name": "jump-nic",
                "network_security_group_id": "",
                "primary": true
              }
            ],
            "os_disk": [
              {
                "caching": "ReadOnly",
                "diff_disk_settings": [],
                "disk_encryption_set_id": "",
                "disk_size_gb": 127,
                "storage_account_type": "Standard_LRS",
                "write_accelerator_enabled": false
              }
            ],
            "overprovision": true,
            "plan": [],
            "platform_fault_domain_count": 0,
            "priority": "Regular",
            "provision_vm_agent": true,
            "proximity_placement_group_id": "",
            "resource_group_name": "test-rg2",
            "rolling_upgrade_policy": [],
            "scale_in_policy": "Default",
            "secret": [],
            "secure_boot_enabled": false,
            "single_placement_group": true,
            "sku": "Standard_F2",
            "source_image_id": "",
            "source_image_reference": [
              {
                "offer": "WindowsServer",
                "publisher": "MicrosoftWindowsServer",
                "sku": "2016-Datacenter-Server-Core",
                "version": "latest"
              }
            ],
            "tags": null,
            "terminate_notification": null,
            "timeouts": null,
            "timezone": "",
            "unique_id": "c14943ee-96ca-4a5f-824e-8a7ded1203c8",
            "upgrade_mode": "Manual",
            "vtpm_enabled": false,
            "winrm_listener": [],
            "zone_balance": false,
            "zones": null
          },
          "sensitive_attributes": [],
          "private": "eyJlMmJmYjczMC1lY2FhLTExZTYtOGY4OC0zNDM2M2JjN2M0YzAiOnsiY3JlYXRlIjozNjAwMDAwMDAwMDAwLCJkZWxldGUiOjM2MDAwMDAwMDAwMDAsInJlYWQiOjMwMDAwMDAwMDAwMCwidXBkYXRlIjozNjAwMDAwMDAwMDAwfX0=",
          "dependencies": [
            "module.network.azurerm_subnet.module-subnet",
            "module.network.azurerm_virtual_network.module-vnet",
            "module.rg.azurerm_resource_group.module-rg"
          ]
        }
      ]
    }
  ]
}
